
Microsoft Visual Studio Solution File, Format Version 12.00
# Visual Studio Version 16
VisualStudioVersion = 16.0.29306.81
MinimumVisualStudioVersion = 10.0.40219.1
Project("{FAE04EC0-301F-11D3-BF4B-00C04F79EFBC}") = "HikiCarry Brand", "HikiCarry Brand.csproj", "{0427ED7A-04DD-48FF-8C8E-28E3F99B5ECD}"
EndProject
Global
	GlobalSection(SolutionConfigurationPlatforms) = preSolution
		Debug|x86 = Debug|x86
		Release|x86 = Release|x86
	EndGlobalSection
	GlobalSection(ProjectConfigurationPlatforms) = postSolution
		{0427ED7A-04DD-48FF-8C8E-28E3F99B5ECD}.Debug|x86.ActiveCfg = Debug|x86
		{0427ED7A-04DD-48FF-8C8E-28E3F99B5ECD}.Debug|x86.Build.0 = Debug|x86
		{0427ED7A-04DD-48FF-8C8E-28E3F99B5ECD}.Release|x86.ActiveCfg = Release|x86
		{0427ED7A-04DD-48FF-8C8E-28E3F99B5ECD}.Release|x86.Build.0 = Release|x86
	EndGlobalSection
	GlobalSection(SolutionProperties) = preSolution
		HideSolutionNode = FALSE
	EndGlobalSection
	GlobalSection(ExtensibilityGlobals) = postSolution
		SolutionGuid = {1A091B0A-4E6F-47DC-9440-699ED4424C86}
	EndGlobalSection
EndGlobal
